
Microsoft Visual Studio Solution File, Format Version 12.00
# Visual Studio 15
VisualStudioVersion = 15.0.28307.136
MinimumVisualStudioVersion = 10.0.40219.1
Project("{FAE04EC0-301F-11D3-BF4B-00C04F79EFBC}") = "group28", "group28\group28.csproj", "{E4C07D4F-4B4E-4B5D-BFE8-66C178EC70F1}"
EndProject
Global
	GlobalSection(SolutionConfigurationPlatforms) = preSolution
		Debug|Any CPU = Debug|Any CPU
		Release|Any CPU = Release|Any CPU
	EndGlobalSection
	GlobalSection(ProjectConfigurationPlatforms) = postSolution
		{E4C07D4F-4B4E-4B5D-BFE8-66C178EC70F1}.Debug|Any CPU.ActiveCfg = Debug|Any CPU
		{E4C07D4F-4B4E-4B5D-BFE8-66C178EC70F1}.Debug|Any CPU.Build.0 = Debug|Any CPU
		{E4C07D4F-4B4E-4B5D-BFE8-66C178EC70F1}.Release|Any CPU.ActiveCfg = Release|Any CPU
		{E4C07D4F-4B4E-4B5D-BFE8-66C178EC70F1}.Release|Any CPU.Build.0 = Release|Any CPU
	EndGlobalSection
	GlobalSection(SolutionProperties) = preSolution
		HideSolutionNode = FALSE
	EndGlobalSection
	GlobalSection(ExtensibilityGlobals) = postSolution
		SolutionGuid = {DDB29A5E-99FC-47B8-83A6-45B93D6F0D13}
	EndGlobalSection
EndGlobal
